// !$*UTF8*$!
{
	archiveVersion = 1;
	classes = {
	};
	objectVersion = 77;
	objects = {

/* Begin PBXBuildFile section */
		D562FB692DD891BB00D0FB9B /* OpenAI in Frameworks */ = {isa = PBXBuildFile; productRef = D562FB682DD891BB00D0FB9B /* OpenAI */; };
		D562FB6C2DD891C800D0FB9B /* LaunchAtLogin in Frameworks */ = {isa = PBXBuildFile; productRef = D562FB6B2DD891C800D0FB9B /* LaunchAtLogin */; };
		D5E42F622DD9E23E00934EA9 /* SQLite in Frameworks */ = {isa = PBXBuildFile; productRef = D5E42F612DD9E23E00934EA9 /* SQLite */; };
/* End PBXBuildFile section */

/* Begin PBXContainerItemProxy section */
		D517E8922DCADEBC006FE803 /* PBXContainerItemProxy */ = {
			isa = PBXContainerItemProxy;
			containerPortal = D517E8782DCADEBB006FE803 /* Project object */;
			proxyType = 1;
			remoteGlobalIDString = D517E87F2DCADEBB006FE803;
			remoteInfo = SnapSort;
		};
		D517E89C2DCADEBC006FE803 /* PBXContainerItemProxy */ = {
			isa = PBXContainerItemProxy;
			containerPortal = D517E8782DCADEBB006FE803 /* Project object */;
			proxyType = 1;
			remoteGlobalIDString = D517E87F2DCADEBB006FE803;
			remoteInfo = SnapSort;
		};
/* End PBXContainerItemProxy section */

/* Begin PBXFileReference section */
		D517E8802DCADEBB006FE803 /* SnapSort.app */ = {isa = PBXFileReference; explicitFileType = wrapper.application; includeInIndex = 0; path = SnapSort.app; sourceTree = BUILT_PRODUCTS_DIR; };
		D517E8912DCADEBC006FE803 /* SnapSortTests.xctest */ = {isa = PBXFileReference; explicitFileType = wrapper.cfbundle; includeInIndex = 0; path = SnapSortTests.xctest; sourceTree = BUILT_PRODUCTS_DIR; };
		D517E89B2DCADEBC006FE803 /* SnapSortUITests.xctest */ = {isa = PBXFileReference; explicitFileType = wrapper.cfbundle; includeInIndex = 0; path = SnapSortUITests.xctest; sourceTree = BUILT_PRODUCTS_DIR; };
/* End PBXFileReference section */

/* Begin PBXFileSystemSynchronizedRootGroup section */
		D517E8822DCADEBB006FE803 /* SnapSort */ = {
			isa = PBXFileSystemSynchronizedRootGroup;
			path = SnapSort;
			sourceTree = "<group>";
		};
		D517E8942DCADEBC006FE803 /* SnapSortTests */ = {
			isa = PBXFileSystemSynchronizedRootGroup;
			path = SnapSortTests;
			sourceTree = "<group>";
		};
		D517E89E2DCADEBC006FE803 /* SnapSortUITests */ = {
			isa = PBXFileSystemSynchronizedRootGroup;
			path = SnapSortUITests;
			sourceTree = "<group>";
		};
/* End PBXFileSystemSynchronizedRootGroup section */

/* Begin PBXFrameworksBuildPhase section */
		D517E87D2DCADEBB006FE803 /* Frameworks */ = {
			isa = PBXFrameworksBuildPhase;
			buildActionMask = 2147483647;
			files = (
				D5E42F622DD9E23E00934EA9 /* SQLite in Frameworks */,
				D562FB6C2DD891C800D0FB9B /* LaunchAtLogin in Frameworks */,
				D562FB692DD891BB00D0FB9B /* OpenAI in Frameworks */,
			);
			runOnlyForDeploymentPostprocessing = 0;
		};
		D517E88E2DCADEBC006FE803 /* Frameworks */ = {
			isa = PBXFrameworksBuildPhase;
			buildActionMask = 2147483647;
			files = (
			);
			runOnlyForDeploymentPostprocessing = 0;
		};
		D517E8982DCADEBC006FE803 /* Frameworks */ = {
			isa = PBXFrameworksBuildPhase;
			buildActionMask = 2147483647;
			files = (
			);
			runOnlyForDeploymentPostprocessing = 0;
		};
/* End PBXFrameworksBuildPhase section */

/* Begin PBXGroup section */
		D517E8772DCADEBB006FE803 = {
			isa = PBXGroup;
			children = (
				D517E8822DCADEBB006FE803 /* SnapSort */,
				D517E8942DCADEBC006FE803 /* SnapSortTests */,
				D517E89E2DCADEBC006FE803 /* SnapSortUITests */,
				D517E8812DCADEBB006FE803 /* Products */,
			);
			sourceTree = "<group>";
		};
		D517E8812DCADEBB006FE803 /* Products */ = {
			isa = PBXGroup;
			children = (
				D517E8802DCADEBB006FE803 /* SnapSort.app */,
				D517E8912DCADEBC006FE803 /* SnapSortTests.xctest */,
				D517E89B2DCADEBC006FE803 /* SnapSortUITests.xctest */,
			);
			name = Products;
			sourceTree = "<group>";
		};
/* End PBXGroup section */

/* Begin PBXNativeTarget section */
		D517E87F2DCADEBB006FE803 /* SnapSort */ = {
			isa = PBXNativeTarget;
			buildConfigurationList = D517E8A52DCADEBC006FE803 /* Build configuration list for PBXNativeTarget "SnapSort" */;
			buildPhases = (
				D517E87C2DCADEBB006FE803 /* Sources */,
				D517E87D2DCADEBB006FE803 /* Frameworks */,
				D517E87E2DCADEBB006FE803 /* Resources */,
			);
			buildRules = (
			);
			dependencies = (
			);
			fileSystemSynchronizedGroups = (
				D517E8822DCADEBB006FE803 /* SnapSort */,
			);
			name = SnapSort;
			packageProductDependencies = (
				D562FB682DD891BB00D0FB9B /* OpenAI */,
				D562FB6B2DD891C800D0FB9B /* LaunchAtLogin */,
				D5E42F612DD9E23E00934EA9 /* SQLite */,
			);
			productName = SnapSort;
			productReference = D517E8802DCADEBB006FE803 /* SnapSort.app */;
			productType = "com.apple.product-type.application";
		};
		D517E8902DCADEBC006FE803 /* SnapSortTests */ = {
			isa = PBXNativeTarget;
			buildConfigurationList = D517E8A82DCADEBC006FE803 /* Build configuration list for PBXNativeTarget "SnapSortTests" */;
			buildPhases = (
				D517E88D2DCADEBC006FE803 /* Sources */,
				D517E88E2DCADEBC006FE803 /* Frameworks */,
				D517E88F2DCADEBC006FE803 /* Resources */,
			);
			buildRules = (
			);
			dependencies = (
				D517E8932DCADEBC006FE803 /* PBXTargetDependency */,
			);
			fileSystemSynchronizedGroups = (
				D517E8942DCADEBC006FE803 /* SnapSortTests */,
			);
			name = SnapSortTests;
			packageProductDependencies = (
			);
			productName = SnapSortTests;
			productReference = D517E8912DCADEBC006FE803 /* SnapSortTests.xctest */;
			productType = "com.apple.product-type.bundle.unit-test";
		};
		D517E89A2DCADEBC006FE803 /* SnapSortUITests */ = {
			isa = PBXNativeTarget;
			buildConfigurationList = D517E8AB2DCADEBC006FE803 /* Build configuration list for PBXNativeTarget "SnapSortUITests" */;
			buildPhases = (
				D517E8972DCADEBC006FE803 /* Sources */,
				D517E8982DCADEBC006FE803 /* Frameworks */,
				D517E8992DCADEBC006FE803 /* Resources */,
			);
			buildRules = (
			);
			dependencies = (
				D517E89D2DCADEBC006FE803 /* PBXTargetDependency */,
			);
			fileSystemSynchronizedGroups = (
				D517E89E2DCADEBC006FE803 /* SnapSortUITests */,
			);
			name = SnapSortUITests;
			packageProductDependencies = (
			);
			productName = SnapSortUITests;
			productReference = D517E89B2DCADEBC006FE803 /* SnapSortUITests.xctest */;
			productType = "com.apple.product-type.bundle.ui-testing";
		};
/* End PBXNativeTarget section */

/* Begin PBXProject section */
		D517E8782DCADEBB006FE803 /* Project object */ = {
			isa = PBXProject;
			attributes = {
				BuildIndependentTargetsInParallel = 1;
				LastSwiftUpdateCheck = 1600;
				LastUpgradeCheck = 1600;
				TargetAttributes = {
					D517E87F2DCADEBB006FE803 = {
						CreatedOnToolsVersion = 16.0;
					};
					D517E8902DCADEBC006FE803 = {
						CreatedOnToolsVersion = 16.0;
						TestTargetID = D517E87F2DCADEBB006FE803;
					};
					D517E89A2DCADEBC006FE803 = {
						CreatedOnToolsVersion = 16.0;
						TestTargetID = D517E87F2DCADEBB006FE803;
					};
				};
			};
			buildConfigurationList = D517E87B2DCADEBB006FE803 /* Build configuration list for PBXProject "SnapSort" */;
			developmentRegion = en;
			hasScannedForEncodings = 0;
			knownRegions = (
				en,
				Base,
				"zh-Hans",
				ja,
			);
			mainGroup = D517E8772DCADEBB006FE803;
			minimizedProjectReferenceProxies = 1;
			packageReferences = (
				D562FB672DD891BB00D0FB9B /* XCRemoteSwiftPackageReference "OpenAI" */,
				D562FB6A2DD891C800D0FB9B /* XCRemoteSwiftPackageReference "LaunchAtLogin-Modern" */,
				D5E42F602DD9E23E00934EA9 /* XCRemoteSwiftPackageReference "SQLite.swift" */,
			);
			preferredProjectObjectVersion = 77;
			productRefGroup = D517E8812DCADEBB006FE803 /* Products */;
			projectDirPath = "";
			projectRoot = "";
			targets = (
				D517E87F2DCADEBB006FE803 /* SnapSort */,
				D517E8902DCADEBC006FE803 /* SnapSortTests */,
				D517E89A2DCADEBC006FE803 /* SnapSortUITests */,
			);
		};
/* End PBXProject section */

/* Begin PBXResourcesBuildPhase section */
		D517E87E2DCADEBB006FE803 /* Resources */ = {
			isa = PBXResourcesBuildPhase;
			buildActionMask = 2147483647;
			files = (
			);
			runOnlyForDeploymentPostprocessing = 0;
		};
		D517E88F2DCADEBC006FE803 /* Resources */ = {
			isa = PBXResourcesBuildPhase;
			buildActionMask = 2147483647;
			files = (
			);
			runOnlyForDeploymentPostprocessing = 0;
		};
		D517E8992DCADEBC006FE803 /* Resources */ = {
			isa = PBXResourcesBuildPhase;
			buildActionMask = 2147483647;
			files = (
			);
			runOnlyForDeploymentPostprocessing = 0;
		};
/* End PBXResourcesBuildPhase section */

/* Begin PBXSourcesBuildPhase section */
		D517E87C2DCADEBB006FE803 /* Sources */ = {
			isa = PBXSourcesBuildPhase;
			buildActionMask = 2147483647;
			files = (
			);
			runOnlyForDeploymentPostprocessing = 0;
		};
		D517E88D2DCADEBC006FE803 /* Sources */ = {
			isa = PBXSourcesBuildPhase;
			buildActionMask = 2147483647;
			files = (
			);
			runOnlyForDeploymentPostprocessing = 0;
		};
		D517E8972DCADEBC006FE803 /* Sources */ = {
			isa = PBXSourcesBuildPhase;
			buildActionMask = 2147483647;
			files = (
			);
			runOnlyForDeploymentPostprocessing = 0;
		};
/* End PBXSourcesBuildPhase section */

/* Begin PBXTargetDependency section */
		D517E8932DCADEBC006FE803 /* PBXTargetDependency */ = {
			isa = PBXTargetDependency;
			target = D517E87F2DCADEBB006FE803 /* SnapSort */;
			targetProxy = D517E8922DCADEBC006FE803 /* PBXContainerItemProxy */;
		};
		D517E89D2DCADEBC006FE803 /* PBXTargetDependency */ = {
			isa = PBXTargetDependency;
			target = D517E87F2DCADEBB006FE803 /* SnapSort */;
			targetProxy = D517E89C2DCADEBC006FE803 /* PBXContainerItemProxy */;
		};
/* End PBXTargetDependency section */

/* Begin XCBuildConfiguration section */
		D517E8A32DCADEBC006FE803 /* Debug */ = {
			isa = XCBuildConfiguration;
			buildSettings = {
				ALWAYS_SEARCH_USER_PATHS = NO;
				ASSETCATALOG_COMPILER_GENERATE_SWIFT_ASSET_SYMBOL_EXTENSIONS = YES;
				CLANG_ANALYZER_NONNULL = YES;
				CLANG_ANALYZER_NUMBER_OBJECT_CONVERSION = YES_AGGRESSIVE;
				CLANG_CXX_LANGUAGE_STANDARD = "gnu++20";
				CLANG_ENABLE_MODULES = YES;
				CLANG_ENABLE_OBJC_ARC = YES;
				CLANG_ENABLE_OBJC_WEAK = YES;
				CLANG_WARN_BLOCK_CAPTURE_AUTORELEASING = YES;
				CLANG_WARN_BOOL_CONVERSION = YES;
				CLANG_WARN_COMMA = YES;
				CLANG_WARN_CONSTANT_CONVERSION = YES;
				CLANG_WARN_DEPRECATED_OBJC_IMPLEMENTATIONS = YES;
				CLANG_WARN_DIRECT_OBJC_ISA_USAGE = YES_ERROR;
				CLANG_WARN_DOCUMENTATION_COMMENTS = YES;
				CLANG_WARN_EMPTY_BODY = YES;
				CLANG_WARN_ENUM_CONVERSION = YES;
				CLANG_WARN_INFINITE_RECURSION = YES;
				CLANG_WARN_INT_CONVERSION = YES;
				CLANG_WARN_NON_LITERAL_NULL_CONVERSION = YES;
				CLANG_WARN_OBJC_IMPLICIT_RETAIN_SELF = YES;
				CLANG_WARN_OBJC_LITERAL_CONVERSION = YES;
				CLANG_WARN_OBJC_ROOT_CLASS = YES_ERROR;
				CLANG_WARN_QUOTED_INCLUDE_IN_FRAMEWORK_HEADER = YES;
				CLANG_WARN_RANGE_LOOP_ANALYSIS = YES;
				CLANG_WARN_STRICT_PROTOTYPES = YES;
				CLANG_WARN_SUSPICIOUS_MOVE = YES;
				CLANG_WARN_UNGUARDED_AVAILABILITY = YES_AGGRESSIVE;
				CLANG_WARN_UNREACHABLE_CODE = YES;
				CLANG_WARN__DUPLICATE_METHOD_MATCH = YES;
				COPY_PHASE_STRIP = NO;
				DEBUG_INFORMATION_FORMAT = dwarf;
				ENABLE_STRICT_OBJC_MSGSEND = YES;
				ENABLE_TESTABILITY = YES;
				ENABLE_USER_SCRIPT_SANDBOXING = YES;
				GCC_C_LANGUAGE_STANDARD = gnu17;
				GCC_DYNAMIC_NO_PIC = NO;
				GCC_NO_COMMON_BLOCKS = YES;
				GCC_OPTIMIZATION_LEVEL = 0;
				GCC_PREPROCESSOR_DEFINITIONS = (
					"DEBUG=1",
					"$(inherited)",
				);
				GCC_WARN_64_TO_32_BIT_CONVERSION = YES;
				GCC_WARN_ABOUT_RETURN_TYPE = YES_ERROR;
				GCC_WARN_UNDECLARED_SELECTOR = YES;
				GCC_WARN_UNINITIALIZED_AUTOS = YES_AGGRESSIVE;
				GCC_WARN_UNUSED_FUNCTION = YES;
				GCC_WARN_UNUSED_VARIABLE = YES;
				LOCALIZATION_PREFERS_STRING_CATALOGS = YES;
				MACOSX_DEPLOYMENT_TARGET = 15.0;
				MTL_ENABLE_DEBUG_INFO = INCLUDE_SOURCE;
				MTL_FAST_MATH = YES;
				ONLY_ACTIVE_ARCH = YES;
				SDKROOT = macosx;
				SWIFT_ACTIVE_COMPILATION_CONDITIONS = "DEBUG $(inherited)";
				SWIFT_OPTIMIZATION_LEVEL = "-Onone";
			};
			name = Debug;
		};
		D517E8A42DCADEBC006FE803 /* Release */ = {
			isa = XCBuildConfiguration;
			buildSettings = {
				ALWAYS_SEARCH_USER_PATHS = NO;
				ASSETCATALOG_COMPILER_GENERATE_SWIFT_ASSET_SYMBOL_EXTENSIONS = YES;
				CLANG_ANALYZER_NONNULL = YES;
				CLANG_ANALYZER_NUMBER_OBJECT_CONVERSION = YES_AGGRESSIVE;
				CLANG_CXX_LANGUAGE_STANDARD = "gnu++20";
				CLANG_ENABLE_MODULES = YES;
				CLANG_ENABLE_OBJC_ARC = YES;
				CLANG_ENABLE_OBJC_WEAK = YES;
				CLANG_WARN_BLOCK_CAPTURE_AUTORELEASING = YES;
				CLANG_WARN_BOOL_CONVERSION = YES;
				CLANG_WARN_COMMA = YES;
				CLANG_WARN_CONSTANT_CONVERSION = YES;
				CLANG_WARN_DEPRECATED_OBJC_IMPLEMENTATIONS = YES;
				CLANG_WARN_DIRECT_OBJC_ISA_USAGE = YES_ERROR;
				CLANG_WARN_DOCUMENTATION_COMMENTS = YES;
				CLANG_WARN_EMPTY_BODY = YES;
				CLANG_WARN_ENUM_CONVERSION = YES;
				CLANG_WARN_INFINITE_RECURSION = YES;
				CLANG_WARN_INT_CONVERSION = YES;
				CLANG_WARN_NON_LITERAL_NULL_CONVERSION = YES;
				CLANG_WARN_OBJC_IMPLICIT_RETAIN_SELF = YES;
				CLANG_WARN_OBJC_LITERAL_CONVERSION = YES;
				CLANG_WARN_OBJC_ROOT_CLASS = YES_ERROR;
				CLANG_WARN_QUOTED_INCLUDE_IN_FRAMEWORK_HEADER = YES;
				CLANG_WARN_RANGE_LOOP_ANALYSIS = YES;
				CLANG_WARN_STRICT_PROTOTYPES = YES;
				CLANG_WARN_SUSPICIOUS_MOVE = YES;
				CLANG_WARN_UNGUARDED_AVAILABILITY = YES_AGGRESSIVE;
				CLANG_WARN_UNREACHABLE_CODE = YES;
				CLANG_WARN__DUPLICATE_METHOD_MATCH = YES;
				COPY_PHASE_STRIP = NO;
				DEBUG_INFORMATION_FORMAT = "dwarf-with-dsym";
				ENABLE_NS_ASSERTIONS = NO;
				ENABLE_STRICT_OBJC_MSGSEND = YES;
				ENABLE_USER_SCRIPT_SANDBOXING = YES;
				GCC_C_LANGUAGE_STANDARD = gnu17;
				GCC_NO_COMMON_BLOCKS = YES;
				GCC_WARN_64_TO_32_BIT_CONVERSION = YES;
				GCC_WARN_ABOUT_RETURN_TYPE = YES_ERROR;
				GCC_WARN_UNDECLARED_SELECTOR = YES;
				GCC_WARN_UNINITIALIZED_AUTOS = YES_AGGRESSIVE;
				GCC_WARN_UNUSED_FUNCTION = YES;
				GCC_WARN_UNUSED_VARIABLE = YES;
				LOCALIZATION_PREFERS_STRING_CATALOGS = YES;
				MACOSX_DEPLOYMENT_TARGET = 15.0;
				MTL_ENABLE_DEBUG_INFO = NO;
				MTL_FAST_MATH = YES;
				SDKROOT = macosx;
				SWIFT_COMPILATION_MODE = wholemodule;
			};
			name = Release;
		};
		D517E8A62DCADEBC006FE803 /* Debug */ = {
			isa = XCBuildConfiguration;
			buildSettings = {
				ASSETCATALOG_COMPILER_APPICON_NAME = AppIcon;
				ASSETCATALOG_COMPILER_GLOBAL_ACCENT_COLOR_NAME = AccentColor;
				CODE_SIGN_ENTITLEMENTS = SnapSort/SnapSort.entitlements;
				CODE_SIGN_STYLE = Automatic;
				COMBINE_HIDPI_IMAGES = YES;
				CURRENT_PROJECT_VERSION = 1;
				DEVELOPMENT_ASSET_PATHS = "\"SnapSort/Preview Content\"";
				DEVELOPMENT_TEAM = YSM8K853CQ;
				ENABLE_HARDENED_RUNTIME = YES;
				ENABLE_PREVIEWS = YES;
				GENERATE_INFOPLIST_FILE = YES;
				INFOPLIST_FILE = SnapSort/Info.plist;
				INFOPLIST_KEY_LSUIElement = NO;
				INFOPLIST_KEY_NSHumanReadableCopyright = "";
				LD_RUNPATH_SEARCH_PATHS = (
					"$(inherited)",
					"@executable_path/../Frameworks",
				);
				MARKETING_VERSION = 1.0;
				PRODUCT_BUNDLE_IDENTIFIER = com.tiwenlab.snapsort;
				PRODUCT_NAME = "$(TARGET_NAME)";
				SWIFT_EMIT_LOC_STRINGS = YES;
				SWIFT_VERSION = 5.0;
			};
			name = Debug;
		};
		D517E8A72DCADEBC006FE803 /* Release */ = {
			isa = XCBuildConfiguration;
			buildSettings = {
				ASSETCATALOG_COMPILER_APPICON_NAME = AppIcon;
				ASSETCATALOG_COMPILER_GLOBAL_ACCENT_COLOR_NAME = AccentColor;
				CODE_SIGN_ENTITLEMENTS = SnapSort/SnapSort.entitlements;
				CODE_SIGN_STYLE = Automatic;
				COMBINE_HIDPI_IMAGES = YES;
				CURRENT_PROJECT_VERSION = 1;
				DEVELOPMENT_ASSET_PATHS = "\"SnapSort/Preview Content\"";
				DEVELOPMENT_TEAM = YSM8K853CQ;
				ENABLE_HARDENED_RUNTIME = YES;
				ENABLE_PREVIEWS = YES;
				GENERATE_INFOPLIST_FILE = YES;
				INFOPLIST_FILE = SnapSort/Info.plist;
				INFOPLIST_KEY_LSUIElement = NO;
				INFOPLIST_KEY_NSHumanReadableCopyright = "";
				LD_RUNPATH_SEARCH_PATHS = (
					"$(inherited)",
					"@executable_path/../Frameworks",
				);
				MARKETING_VERSION = 1.0;
				PRODUCT_BUNDLE_IDENTIFIER = com.tiwenlab.snapsort;
				PRODUCT_NAME = "$(TARGET_NAME)";
				SWIFT_EMIT_LOC_STRINGS = YES;
				SWIFT_VERSION = 5.0;
			};
			name = Release;
		};
		D517E8A92DCADEBC006FE803 /* Debug */ = {
			isa = XCBuildConfiguration;
			buildSettings = {
				BUNDLE_LOADER = "$(TEST_HOST)";
				CODE_SIGN_STYLE = Automatic;
				CURRENT_PROJECT_VERSION = 1;
				DEVELOPMENT_TEAM = YSM8K853CQ;
				GENERATE_INFOPLIST_FILE = YES;
				MACOSX_DEPLOYMENT_TARGET = 15.0;
				MARKETING_VERSION = 1.0;
				PRODUCT_BUNDLE_IDENTIFIER = com.tiwenlab.SnapSortTests;
				PRODUCT_NAME = "$(TARGET_NAME)";
				SWIFT_EMIT_LOC_STRINGS = NO;
				SWIFT_VERSION = 5.0;
				TEST_HOST = "$(BUILT_PRODUCTS_DIR)/SnapSort.app/$(BUNDLE_EXECUTABLE_FOLDER_PATH)/SnapSort";
			};
			name = Debug;
		};
		D517E8AA2DCADEBC006FE803 /* Release */ = {
			isa = XCBuildConfiguration;
			buildSettings = {
				BUNDLE_LOADER = "$(TEST_HOST)";
				CODE_SIGN_STYLE = Automatic;
				CURRENT_PROJECT_VERSION = 1;
				DEVELOPMENT_TEAM = YSM8K853CQ;
				GENERATE_INFOPLIST_FILE = YES;
				MACOSX_DEPLOYMENT_TARGET = 15.0;
				MARKETING_VERSION = 1.0;
				PRODUCT_BUNDLE_IDENTIFIER = com.tiwenlab.SnapSortTests;
				PRODUCT_NAME = "$(TARGET_NAME)";
				SWIFT_EMIT_LOC_STRINGS = NO;
				SWIFT_VERSION = 5.0;
				TEST_HOST = "$(BUILT_PRODUCTS_DIR)/SnapSort.app/$(BUNDLE_EXECUTABLE_FOLDER_PATH)/SnapSort";
			};
			name = Release;
		};
		D517E8AC2DCADEBC006FE803 /* Debug */ = {
			isa = XCBuildConfiguration;
			buildSettings = {
				CODE_SIGN_STYLE = Automatic;
				CURRENT_PROJECT_VERSION = 1;
				DEVELOPMENT_TEAM = YSM8K853CQ;
				GENERATE_INFOPLIST_FILE = YES;
				MARKETING_VERSION = 1.0;
				PRODUCT_BUNDLE_IDENTIFIER = com.tiwenlab.SnapSortUITests;
				PRODUCT_NAME = "$(TARGET_NAME)";
				SWIFT_EMIT_LOC_STRINGS = NO;
				SWIFT_VERSION = 5.0;
				TEST_TARGET_NAME = SnapSort;
			};
			name = Debug;
		};
		D517E8AD2DCADEBC006FE803 /* Release */ = {
			isa = XCBuildConfiguration;
			buildSettings = {
				CODE_SIGN_STYLE = Automatic;
				CURRENT_PROJECT_VERSION = 1;
				DEVELOPMENT_TEAM = YSM8K853CQ;
				GENERATE_INFOPLIST_FILE = YES;
				MARKETING_VERSION = 1.0;
				PRODUCT_BUNDLE_IDENTIFIER = com.tiwenlab.SnapSortUITests;
				PRODUCT_NAME = "$(TARGET_NAME)";
				SWIFT_EMIT_LOC_STRINGS = NO;
				SWIFT_VERSION = 5.0;
				TEST_TARGET_NAME = SnapSort;
			};
			name = Release;
		};
/* End XCBuildConfiguration section */

/* Begin XCConfigurationList section */
		D517E87B2DCADEBB006FE803 /* Build configuration list for PBXProject "SnapSort" */ = {
			isa = XCConfigurationList;
			buildConfigurations = (
				D517E8A32DCADEBC006FE803 /* Debug */,
				D517E8A42DCADEBC006FE803 /* Release */,
			);
			defaultConfigurationIsVisible = 0;
			defaultConfigurationName = Release;
		};
		D517E8A52DCADEBC006FE803 /* Build configuration list for PBXNativeTarget "SnapSort" */ = {
			isa = XCConfigurationList;
			buildConfigurations = (
				D517E8A62DCADEBC006FE803 /* Debug */,
				D517E8A72DCADEBC006FE803 /* Release */,
			);
			defaultConfigurationIsVisible = 0;
			defaultConfigurationName = Release;
		};
		D517E8A82DCADEBC006FE803 /* Build configuration list for PBXNativeTarget "SnapSortTests" */ = {
			isa = XCConfigurationList;
			buildConfigurations = (
				D517E8A92DCADEBC006FE803 /* Debug */,
				D517E8AA2DCADEBC006FE803 /* Release */,
			);
			defaultConfigurationIsVisible = 0;
			defaultConfigurationName = Release;
		};
		D517E8AB2DCADEBC006FE803 /* Build configuration list for PBXNativeTarget "SnapSortUITests" */ = {
			isa = XCConfigurationList;
			buildConfigurations = (
				D517E8AC2DCADEBC006FE803 /* Debug */,
				D517E8AD2DCADEBC006FE803 /* Release */,
			);
			defaultConfigurationIsVisible = 0;
			defaultConfigurationName = Release;
		};
/* End XCConfigurationList section */

/* Begin XCRemoteSwiftPackageReference section */
		D562FB672DD891BB00D0FB9B /* XCRemoteSwiftPackageReference "OpenAI" */ = {
			isa = XCRemoteSwiftPackageReference;
			repositoryURL = "https://github.com/MacPaw/OpenAI.git";
			requirement = {
				kind = upToNextMajorVersion;
				minimumVersion = 0.4.3;
			};
		};
		D562FB6A2DD891C800D0FB9B /* XCRemoteSwiftPackageReference "LaunchAtLogin-Modern" */ = {
			isa = XCRemoteSwiftPackageReference;
			repositoryURL = "https://github.com/sindresorhus/LaunchAtLogin-Modern";
			requirement = {
				branch = main;
				kind = branch;
			};
		};
		D5E42F602DD9E23E00934EA9 /* XCRemoteSwiftPackageReference "SQLite.swift" */ = {
			isa = XCRemoteSwiftPackageReference;
			repositoryURL = "https://github.com/stephencelis/SQLite.swift.git";
			requirement = {
				kind = upToNextMajorVersion;
				minimumVersion = 0.15.3;
			};
		};
/* End XCRemoteSwiftPackageReference section */

/* Begin XCSwiftPackageProductDependency section */
		D562FB682DD891BB00D0FB9B /* OpenAI */ = {
			isa = XCSwiftPackageProductDependency;
			package = D562FB672DD891BB00D0FB9B /* XCRemoteSwiftPackageReference "OpenAI" */;
			productName = OpenAI;
		};
		D562FB6B2DD891C800D0FB9B /* LaunchAtLogin */ = {
			isa = XCSwiftPackageProductDependency;
			package = D562FB6A2DD891C800D0FB9B /* XCRemoteSwiftPackageReference "LaunchAtLogin-Modern" */;
			productName = LaunchAtLogin;
		};
		D5E42F612DD9E23E00934EA9 /* SQLite */ = {
			isa = XCSwiftPackageProductDependency;
			package = D5E42F602DD9E23E00934EA9 /* XCRemoteSwiftPackageReference "SQLite.swift" */;
			productName = SQLite;
		};
/* End XCSwiftPackageProductDependency section */
	};
	rootObject = D517E8782DCADEBB006FE803 /* Project object */;
}
